// !$*UTF8*$!
{
	archiveVersion = 1;
	classes = {
	};
	objectVersion = 55;
	objects = {

/* Begin PBXBuildFile section */
		B128558528CFA0F3008FA474 /* AppDelegate.swift in Sources */ = {isa = PBXBuildFile; fileRef = B128558428CFA0F3008FA474 /* AppDelegate.swift */; };
		B128558928CFA0F3008FA474 /* ViewController.swift in Sources */ = {isa = PBXBuildFile; fileRef = B128558828CFA0F3008FA474 /* ViewController.swift */; };
		B128558F28CFA0F3008FA474 /* ToDoApp.xcdatamodeld in Sources */ = {isa = PBXBuildFile; fileRef = B128558D28CFA0F3008FA474 /* ToDoApp.xcdatamodeld */; };
		B128559128CFA0F4008FA474 /* Assets.xcassets in Resources */ = {isa = PBXBuildFile; fileRef = B128559028CFA0F4008FA474 /* Assets.xcassets */; };
		B128559428CFA0F4008FA474 /* LaunchScreen.storyboard in Resources */ = {isa = PBXBuildFile; fileRef = B128559228CFA0F4008FA474 /* LaunchScreen.storyboard */; };
		B128559F28CFA928008FA474 /* Task+CoreDataClass.swift in Sources */ = {isa = PBXBuildFile; fileRef = B128559D28CFA928008FA474 /* Task+CoreDataClass.swift */; };
		B12855A028CFA928008FA474 /* Task+CoreDataProperties.swift in Sources */ = {isa = PBXBuildFile; fileRef = B128559E28CFA928008FA474 /* Task+CoreDataProperties.swift */; };
		B12855A628CFC571008FA474 /* TaskTableViewCell.swift in Sources */ = {isa = PBXBuildFile; fileRef = B12855A528CFC571008FA474 /* TaskTableViewCell.swift */; };
		B136F41C28D3D61A0034427E /* Localizable.strings in Resources */ = {isa = PBXBuildFile; fileRef = B136F41E28D3D61A0034427E /* Localizable.strings */; };
		B136F42328D3D70C0034427E /* String+Localized.swift in Sources */ = {isa = PBXBuildFile; fileRef = B136F42228D3D70C0034427E /* String+Localized.swift */; };
		B1EE045328D12E5900543CF6 /* CRUDManager.swift in Sources */ = {isa = PBXBuildFile; fileRef = B1EE045228D12E5900543CF6 /* CRUDManager.swift */; };
/* End PBXBuildFile section */

/* Begin PBXFileReference section */
		B128558128CFA0F3008FA474 /* ToDoApp.app */ = {isa = PBXFileReference; explicitFileType = wrapper.application; includeInIndex = 0; path = ToDoApp.app; sourceTree = BUILT_PRODUCTS_DIR; };
		B128558428CFA0F3008FA474 /* AppDelegate.swift */ = {isa = PBXFileReference; lastKnownFileType = sourcecode.swift; path = AppDelegate.swift; sourceTree = "<group>"; };
		B128558828CFA0F3008FA474 /* ViewController.swift */ = {isa = PBXFileReference; lastKnownFileType = sourcecode.swift; path = ViewController.swift; sourceTree = "<group>"; };
		B128558E28CFA0F3008FA474 /* ToDoApp.xcdatamodel */ = {isa = PBXFileReference; lastKnownFileType = wrapper.xcdatamodel; path = ToDoApp.xcdatamodel; sourceTree = "<group>"; };
		B128559028CFA0F4008FA474 /* Assets.xcassets */ = {isa = PBXFileReference; lastKnownFileType = folder.assetcatalog; path = Assets.xcassets; sourceTree = "<group>"; };
		B128559328CFA0F4008FA474 /* Base */ = {isa = PBXFileReference; lastKnownFileType = file.storyboard; name = Base; path = Base.lproj/LaunchScreen.storyboard; sourceTree = "<group>"; };
		B128559528CFA0F4008FA474 /* Info.plist */ = {isa = PBXFileReference; lastKnownFileType = text.plist.xml; path = Info.plist; sourceTree = "<group>"; };
		B128559D28CFA928008FA474 /* Task+CoreDataClass.swift */ = {isa = PBXFileReference; lastKnownFileType = sourcecode.swift; path = "Task+CoreDataClass.swift"; sourceTree = "<group>"; };
		B128559E28CFA928008FA474 /* Task+CoreDataProperties.swift */ = {isa = PBXFileReference; lastKnownFileType = sourcecode.swift; path = "Task+CoreDataProperties.swift"; sourceTree = "<group>"; };
		B12855A528CFC571008FA474 /* TaskTableViewCell.swift */ = {isa = PBXFileReference; lastKnownFileType = sourcecode.swift; path = TaskTableViewCell.swift; sourceTree = "<group>"; };
		B136F41D28D3D61A0034427E /* en */ = {isa = PBXFileReference; lastKnownFileType = text.plist.strings; name = en; path = en.lproj/Localizable.strings; sourceTree = "<group>"; };
		B136F42028D3D64F0034427E /* ru */ = {isa = PBXFileReference; lastKnownFileType = text.plist.strings; name = ru; path = ru.lproj/Localizable.strings; sourceTree = "<group>"; };
		B136F42228D3D70C0034427E /* String+Localized.swift */ = {isa = PBXFileReference; lastKnownFileType = sourcecode.swift; path = "String+Localized.swift"; sourceTree = "<group>"; };
		B1EE045228D12E5900543CF6 /* CRUDManager.swift */ = {isa = PBXFileReference; lastKnownFileType = sourcecode.swift; path = CRUDManager.swift; sourceTree = "<group>"; };
/* End PBXFileReference section */

/* Begin PBXFrameworksBuildPhase section */
		B128557E28CFA0F3008FA474 /* Frameworks */ = {
			isa = PBXFrameworksBuildPhase;
			buildActionMask = 2147483647;
			files = (
			);
			runOnlyForDeploymentPostprocessing = 0;
		};
/* End PBXFrameworksBuildPhase section */

/* Begin PBXGroup section */
		B128557828CFA0F3008FA474 = {
			isa = PBXGroup;
			children = (
				B128558328CFA0F3008FA474 /* ToDoApp */,
				B128558228CFA0F3008FA474 /* Products */,
			);
			sourceTree = "<group>";
		};
		B128558228CFA0F3008FA474 /* Products */ = {
			isa = PBXGroup;
			children = (
				B128558128CFA0F3008FA474 /* ToDoApp.app */,
			);
			name = Products;
			sourceTree = "<group>";
		};
		B128558328CFA0F3008FA474 /* ToDoApp */ = {
			isa = PBXGroup;
			children = (
				B12855A128CFA957008FA474 /* Sources */,
				B128559028CFA0F4008FA474 /* Assets.xcassets */,
				B128559228CFA0F4008FA474 /* LaunchScreen.storyboard */,
				B128559528CFA0F4008FA474 /* Info.plist */,
				B136F41E28D3D61A0034427E /* Localizable.strings */,
			);
			path = ToDoApp;
			sourceTree = "<group>";
		};
		B12855A128CFA957008FA474 /* Sources */ = {
			isa = PBXGroup;
			children = (
				B136F42128D3D6F10034427E /* Extensions */,
				B12855A428CFC55E008FA474 /* Subviews */,
				B12855A228CFA966008FA474 /* CoreData */,
				B128558828CFA0F3008FA474 /* ViewController.swift */,
				B128558428CFA0F3008FA474 /* AppDelegate.swift */,
			);
			path = Sources;
			sourceTree = "<group>";
		};
		B12855A228CFA966008FA474 /* CoreData */ = {
			isa = PBXGroup;
			children = (
				B1EE045228D12E5900543CF6 /* CRUDManager.swift */,
				B12855A328CFA976008FA474 /* Task */,
				B128558D28CFA0F3008FA474 /* ToDoApp.xcdatamodeld */,
			);
			path = CoreData;
			sourceTree = "<group>";
		};
		B12855A328CFA976008FA474 /* Task */ = {
			isa = PBXGroup;
			children = (
				B128559D28CFA928008FA474 /* Task+CoreDataClass.swift */,
				B128559E28CFA928008FA474 /* Task+CoreDataProperties.swift */,
			);
			path = Task;
			sourceTree = "<group>";
		};
		B12855A428CFC55E008FA474 /* Subviews */ = {
			isa = PBXGroup;
			children = (
				B12855A528CFC571008FA474 /* TaskTableViewCell.swift */,
			);
			path = Subviews;
			sourceTree = "<group>";
		};
		B136F42128D3D6F10034427E /* Extensions */ = {
			isa = PBXGroup;
			children = (
				B136F42228D3D70C0034427E /* String+Localized.swift */,
			);
			path = Extensions;
			sourceTree = "<group>";
		};
/* End PBXGroup section */

/* Begin PBXNativeTarget section */
		B128558028CFA0F3008FA474 /* ToDoApp */ = {
			isa = PBXNativeTarget;
			buildConfigurationList = B128559828CFA0F4008FA474 /* Build configuration list for PBXNativeTarget "ToDoApp" */;
			buildPhases = (
				B128557D28CFA0F3008FA474 /* Sources */,
				B128557E28CFA0F3008FA474 /* Frameworks */,
				B128557F28CFA0F3008FA474 /* Resources */,
			);
			buildRules = (
			);
			dependencies = (
			);
			name = ToDoApp;
			productName = ToDoApp;
			productReference = B128558128CFA0F3008FA474 /* ToDoApp.app */;
			productType = "com.apple.product-type.application";
		};
/* End PBXNativeTarget section */

/* Begin PBXProject section */
		B128557928CFA0F3008FA474 /* Project object */ = {
			isa = PBXProject;
			attributes = {
				BuildIndependentTargetsInParallel = 1;
				LastSwiftUpdateCheck = 1340;
				LastUpgradeCheck = 1340;
				TargetAttributes = {
					B128558028CFA0F3008FA474 = {
						CreatedOnToolsVersion = 13.4.1;
					};
				};
			};
			buildConfigurationList = B128557C28CFA0F3008FA474 /* Build configuration list for PBXProject "ToDoApp" */;
			compatibilityVersion = "Xcode 13.0";
			developmentRegion = en;
			hasScannedForEncodings = 0;
			knownRegions = (
				en,
				Base,
				ru,
			);
			mainGroup = B128557828CFA0F3008FA474;
			productRefGroup = B128558228CFA0F3008FA474 /* Products */;
			projectDirPath = "";
			projectRoot = "";
			targets = (
				B128558028CFA0F3008FA474 /* ToDoApp */,
			);
		};
/* End PBXProject section */

/* Begin PBXResourcesBuildPhase section */
		B128557F28CFA0F3008FA474 /* Resources */ = {
			isa = PBXResourcesBuildPhase;
			buildActionMask = 2147483647;
			files = (
				B128559428CFA0F4008FA474 /* LaunchScreen.storyboard in Resources */,
				B136F41C28D3D61A0034427E /* Localizable.strings in Resources */,
				B128559128CFA0F4008FA474 /* Assets.xcassets in Resources */,
			);
			runOnlyForDeploymentPostprocessing = 0;
		};
/* End PBXResourcesBuildPhase section */

/* Begin PBXSourcesBuildPhase section */
		B128557D28CFA0F3008FA474 /* Sources */ = {
			isa = PBXSourcesBuildPhase;
			buildActionMask = 2147483647;
			files = (
				B128558928CFA0F3008FA474 /* ViewController.swift in Sources */,
				B128558528CFA0F3008FA474 /* AppDelegate.swift in Sources */,
				B136F42328D3D70C0034427E /* String+Localized.swift in Sources */,
				B12855A628CFC571008FA474 /* TaskTableViewCell.swift in Sources */,
				B128559F28CFA928008FA474 /* Task+CoreDataClass.swift in Sources */,
				B1EE045328D12E5900543CF6 /* CRUDManager.swift in Sources */,
				B12855A028CFA928008FA474 /* Task+CoreDataProperties.swift in Sources */,
				B128558F28CFA0F3008FA474 /* ToDoApp.xcdatamodeld in Sources */,
			);
			runOnlyForDeploymentPostprocessing = 0;
		};
/* End PBXSourcesBuildPhase section */

/* Begin PBXVariantGroup section */
		B128559228CFA0F4008FA474 /* LaunchScreen.storyboard */ = {
			isa = PBXVariantGroup;
			children = (
				B128559328CFA0F4008FA474 /* Base */,
			);
			name = LaunchScreen.storyboard;
			sourceTree = "<group>";
		};
		B136F41E28D3D61A0034427E /* Localizable.strings */ = {
			isa = PBXVariantGroup;
			children = (
				B136F41D28D3D61A0034427E /* en */,
				B136F42028D3D64F0034427E /* ru */,
			);
			name = Localizable.strings;
			sourceTree = "<group>";
		};
/* End PBXVariantGroup section */

/* Begin XCBuildConfiguration section */
		B128559628CFA0F4008FA474 /* Debug */ = {
			isa = XCBuildConfiguration;
			buildSettings = {
				ALWAYS_SEARCH_USER_PATHS = NO;
				CLANG_ANALYZER_LOCALIZABILITY_NONLOCALIZED = YES;
				CLANG_ANALYZER_NONNULL = YES;
				CLANG_ANALYZER_NUMBER_OBJECT_CONVERSION = YES_AGGRESSIVE;
				CLANG_CXX_LANGUAGE_STANDARD = "gnu++17";
				CLANG_ENABLE_MODULES = YES;
				CLANG_ENABLE_OBJC_ARC = YES;
				CLANG_ENABLE_OBJC_WEAK = YES;
				CLANG_WARN_BLOCK_CAPTURE_AUTORELEASING = YES;
				CLANG_WARN_BOOL_CONVERSION = YES;
				CLANG_WARN_COMMA = YES;
				CLANG_WARN_CONSTANT_CONVERSION = YES;
				CLANG_WARN_DEPRECATED_OBJC_IMPLEMENTATIONS = YES;
				CLANG_WARN_DIRECT_OBJC_ISA_USAGE = YES_ERROR;
				CLANG_WARN_DOCUMENTATION_COMMENTS = YES;
				CLANG_WARN_EMPTY_BODY = YES;
				CLANG_WARN_ENUM_CONVERSION = YES;
				CLANG_WARN_INFINITE_RECURSION = YES;
				CLANG_WARN_INT_CONVERSION = YES;
				CLANG_WARN_NON_LITERAL_NULL_CONVERSION = YES;
				CLANG_WARN_OBJC_IMPLICIT_RETAIN_SELF = YES;
				CLANG_WARN_OBJC_LITERAL_CONVERSION = YES;
				CLANG_WARN_OBJC_ROOT_CLASS = YES_ERROR;
				CLANG_WARN_QUOTED_INCLUDE_IN_FRAMEWORK_HEADER = YES;
				CLANG_WARN_RANGE_LOOP_ANALYSIS = YES;
				CLANG_WARN_STRICT_PROTOTYPES = YES;
				CLANG_WARN_SUSPICIOUS_MOVE = YES;
				CLANG_WARN_UNGUARDED_AVAILABILITY = YES_AGGRESSIVE;
				CLANG_WARN_UNREACHABLE_CODE = YES;
				CLANG_WARN__DUPLICATE_METHOD_MATCH = YES;
				COPY_PHASE_STRIP = NO;
				DEBUG_INFORMATION_FORMAT = dwarf;
				ENABLE_STRICT_OBJC_MSGSEND = YES;
				ENABLE_TESTABILITY = YES;
				GCC_C_LANGUAGE_STANDARD = gnu11;
				GCC_DYNAMIC_NO_PIC = NO;
				GCC_NO_COMMON_BLOCKS = YES;
				GCC_OPTIMIZATION_LEVEL = 0;
				GCC_PREPROCESSOR_DEFINITIONS = (
					"DEBUG=1",
					"$(inherited)",
				);
				GCC_WARN_64_TO_32_BIT_CONVERSION = YES;
				GCC_WARN_ABOUT_RETURN_TYPE = YES_ERROR;
				GCC_WARN_UNDECLARED_SELECTOR = YES;
				GCC_WARN_UNINITIALIZED_AUTOS = YES_AGGRESSIVE;
				GCC_WARN_UNUSED_FUNCTION = YES;
				GCC_WARN_UNUSED_VARIABLE = YES;
				IPHONEOS_DEPLOYMENT_TARGET = 15.5;
				MTL_ENABLE_DEBUG_INFO = INCLUDE_SOURCE;
				MTL_FAST_MATH = YES;
				ONLY_ACTIVE_ARCH = YES;
				SDKROOT = iphoneos;
				SWIFT_ACTIVE_COMPILATION_CONDITIONS = DEBUG;
				SWIFT_OPTIMIZATION_LEVEL = "-Onone";
			};
			name = Debug;
		};
		B128559728CFA0F4008FA474 /* Release */ = {
			isa = XCBuildConfiguration;
			buildSettings = {
				ALWAYS_SEARCH_USER_PATHS = NO;
				CLANG_ANALYZER_LOCALIZABILITY_NONLOCALIZED = YES;
				CLANG_ANALYZER_NONNULL = YES;
				CLANG_ANALYZER_NUMBER_OBJECT_CONVERSION = YES_AGGRESSIVE;
				CLANG_CXX_LANGUAGE_STANDARD = "gnu++17";
				CLANG_ENABLE_MODULES = YES;
				CLANG_ENABLE_OBJC_ARC = YES;
				CLANG_ENABLE_OBJC_WEAK = YES;
				CLANG_WARN_BLOCK_CAPTURE_AUTORELEASING = YES;
				CLANG_WARN_BOOL_CONVERSION = YES;
				CLANG_WARN_COMMA = YES;
				CLANG_WARN_CONSTANT_CONVERSION = YES;
				CLANG_WARN_DEPRECATED_OBJC_IMPLEMENTATIONS = YES;
				CLANG_WARN_DIRECT_OBJC_ISA_USAGE = YES_ERROR;
				CLANG_WARN_DOCUMENTATION_COMMENTS = YES;
				CLANG_WARN_EMPTY_BODY = YES;
				CLANG_WARN_ENUM_CONVERSION = YES;
				CLANG_WARN_INFINITE_RECURSION = YES;
				CLANG_WARN_INT_CONVERSION = YES;
				CLANG_WARN_NON_LITERAL_NULL_CONVERSION = YES;
				CLANG_WARN_OBJC_IMPLICIT_RETAIN_SELF = YES;
				CLANG_WARN_OBJC_LITERAL_CONVERSION = YES;
				CLANG_WARN_OBJC_ROOT_CLASS = YES_ERROR;
				CLANG_WARN_QUOTED_INCLUDE_IN_FRAMEWORK_HEADER = YES;
				CLANG_WARN_RANGE_LOOP_ANALYSIS = YES;
				CLANG_WARN_STRICT_PROTOTYPES = YES;
				CLANG_WARN_SUSPICIOUS_MOVE = YES;
				CLANG_WARN_UNGUARDED_AVAILABILITY = YES_AGGRESSIVE;
				CLANG_WARN_UNREACHABLE_CODE = YES;
				CLANG_WARN__DUPLICATE_METHOD_MATCH = YES;
				COPY_PHASE_STRIP = NO;
				DEBUG_INFORMATION_FORMAT = "dwarf-with-dsym";
				ENABLE_NS_ASSERTIONS = NO;
				ENABLE_STRICT_OBJC_MSGSEND = YES;
				GCC_C_LANGUAGE_STANDARD = gnu11;
				GCC_NO_COMMON_BLOCKS = YES;
				GCC_WARN_64_TO_32_BIT_CONVERSION = YES;
				GCC_WARN_ABOUT_RETURN_TYPE = YES_ERROR;
				GCC_WARN_UNDECLARED_SELECTOR = YES;
				GCC_WARN_UNINITIALIZED_AUTOS = YES_AGGRESSIVE;
				GCC_WARN_UNUSED_FUNCTION = YES;
				GCC_WARN_UNUSED_VARIABLE = YES;
				IPHONEOS_DEPLOYMENT_TARGET = 15.5;
				MTL_ENABLE_DEBUG_INFO = NO;
				MTL_FAST_MATH = YES;
				SDKROOT = iphoneos;
				SWIFT_COMPILATION_MODE = wholemodule;
				SWIFT_OPTIMIZATION_LEVEL = "-O";
				VALIDATE_PRODUCT = YES;
			};
			name = Release;
		};
		B128559928CFA0F4008FA474 /* Debug */ = {
			isa = XCBuildConfiguration;
			buildSettings = {
				ASSETCATALOG_COMPILER_APPICON_NAME = AppIcon;
				ASSETCATALOG_COMPILER_GLOBAL_ACCENT_COLOR_NAME = AccentColor;
				CODE_SIGN_STYLE = Automatic;
				CURRENT_PROJECT_VERSION = 1;
				DEVELOPMENT_TEAM = RQ9A7Z3W49;
				GENERATE_INFOPLIST_FILE = YES;
				INFOPLIST_FILE = ToDoApp/Info.plist;
				INFOPLIST_KEY_UIApplicationSupportsIndirectInputEvents = YES;
				INFOPLIST_KEY_UILaunchStoryboardName = LaunchScreen;
				INFOPLIST_KEY_UISupportedInterfaceOrientations = UIInterfaceOrientationPortrait;
				INFOPLIST_KEY_UISupportedInterfaceOrientations_iPad = "UIInterfaceOrientationPortrait UIInterfaceOrientationPortraitUpsideDown UIInterfaceOrientationLandscapeLeft UIInterfaceOrientationLandscapeRight";
				INFOPLIST_KEY_UISupportedInterfaceOrientations_iPhone = "UIInterfaceOrientationPortrait UIInterfaceOrientationLandscapeLeft UIInterfaceOrientationLandscapeRight";
				LD_RUNPATH_SEARCH_PATHS = (
					"$(inherited)",
					"@executable_path/Frameworks",
				);
				MARKETING_VERSION = 1.0;
				PRODUCT_BUNDLE_IDENTIFIER = co.elena.ToDoApp;
				PRODUCT_NAME = "$(TARGET_NAME)";
				SWIFT_EMIT_LOC_STRINGS = YES;
				SWIFT_VERSION = 5.0;
				TARGETED_DEVICE_FAMILY = "1,2";
			};
			name = Debug;
		};
		B128559A28CFA0F4008FA474 /* Release */ = {
			isa = XCBuildConfiguration;
			buildSettings = {
				ASSETCATALOG_COMPILER_APPICON_NAME = AppIcon;
				ASSETCATALOG_COMPILER_GLOBAL_ACCENT_COLOR_NAME = AccentColor;
				CODE_SIGN_STYLE = Automatic;
				CURRENT_PROJECT_VERSION = 1;
				DEVELOPMENT_TEAM = RQ9A7Z3W49;
				GENERATE_INFOPLIST_FILE = YES;
				INFOPLIST_FILE = ToDoApp/Info.plist;
				INFOPLIST_KEY_UIApplicationSupportsIndirectInputEvents = YES;
				INFOPLIST_KEY_UILaunchStoryboardName = LaunchScreen;
				INFOPLIST_KEY_UISupportedInterfaceOrientations = UIInterfaceOrientationPortrait;
				INFOPLIST_KEY_UISupportedInterfaceOrientations_iPad = "UIInterfaceOrientationPortrait UIInterfaceOrientationPortraitUpsideDown UIInterfaceOrientationLandscapeLeft UIInterfaceOrientationLandscapeRight";
				INFOPLIST_KEY_UISupportedInterfaceOrientations_iPhone = "UIInterfaceOrientationPortrait UIInterfaceOrientationLandscapeLeft UIInterfaceOrientationLandscapeRight";
				LD_RUNPATH_SEARCH_PATHS = (
					"$(inherited)",
					"@executable_path/Frameworks",
				);
				MARKETING_VERSION = 1.0;
				PRODUCT_BUNDLE_IDENTIFIER = co.elena.ToDoApp;
				PRODUCT_NAME = "$(TARGET_NAME)";
				SWIFT_EMIT_LOC_STRINGS = YES;
				SWIFT_VERSION = 5.0;
				TARGETED_DEVICE_FAMILY = "1,2";
			};
			name = Release;
		};
/* End XCBuildConfiguration section */

/* Begin XCConfigurationList section */
		B128557C28CFA0F3008FA474 /* Build configuration list for PBXProject "ToDoApp" */ = {
			isa = XCConfigurationList;
			buildConfigurations = (
				B128559628CFA0F4008FA474 /* Debug */,
				B128559728CFA0F4008FA474 /* Release */,
			);
			defaultConfigurationIsVisible = 0;
			defaultConfigurationName = Release;
		};
		B128559828CFA0F4008FA474 /* Build configuration list for PBXNativeTarget "ToDoApp" */ = {
			isa = XCConfigurationList;
			buildConfigurations = (
				B128559928CFA0F4008FA474 /* Debug */,
				B128559A28CFA0F4008FA474 /* Release */,
			);
			defaultConfigurationIsVisible = 0;
			defaultConfigurationName = Release;
		};
/* End XCConfigurationList section */

/* Begin XCVersionGroup section */
		B128558D28CFA0F3008FA474 /* ToDoApp.xcdatamodeld */ = {
			isa = XCVersionGroup;
			children = (
				B128558E28CFA0F3008FA474 /* ToDoApp.xcdatamodel */,
			);
			currentVersion = B128558E28CFA0F3008FA474 /* ToDoApp.xcdatamodel */;
			path = ToDoApp.xcdatamodeld;
			sourceTree = "<group>";
			versionGroupType = wrapper.xcdatamodel;
		};
/* End XCVersionGroup section */
	};
	rootObject = B128557928CFA0F3008FA474 /* Project object */;
}
